
Microsoft Visual Studio Solution File, Format Version 12.00
# Visual Studio Version 17
VisualStudioVersion = 17.13.35931.197 d17.13
MinimumVisualStudioVersion = 10.0.40219.1
Project("{8BC9CEB8-8B4A-11D0-8D11-00A0C91BC942}") = "cuda_gl_hello_world", "cuda_gl_hello_world.vcxproj", "{B8E442EB-14CE-19A2-D832-15CCB425609C}"
EndProject
Global
	GlobalSection(SolutionConfigurationPlatforms) = preSolution
		Debug|x64 = Debug|x64
		Release|x64 = Release|x64
	EndGlobalSection
	GlobalSection(ProjectConfigurationPlatforms) = postSolution
		{B8E442EB-14CE-19A2-D832-15CCB425609C}.Debug|x64.ActiveCfg = Debug|x64
		{B8E442EB-14CE-19A2-D832-15CCB425609C}.Debug|x64.Build.0 = Debug|x64
		{B8E442EB-14CE-19A2-D832-15CCB425609C}.Release|x64.ActiveCfg = Release|x64
		{B8E442EB-14CE-19A2-D832-15CCB425609C}.Release|x64.Build.0 = Release|x64
	EndGlobalSection
	GlobalSection(SolutionProperties) = preSolution
		HideSolutionNode = FALSE
	EndGlobalSection
	GlobalSection(ExtensibilityGlobals) = postSolution
		SolutionGuid = {A01AB40B-F1D4-4ADE-BE32-CA2D89A7BA78}
	EndGlobalSection
EndGlobal
