<?xml version="1.0" encoding="utf-8"?>
<Project ToolsVersion="4.0" xmlns="http://schemas.microsoft.com/developer/msbuild/2003">
  <ItemGroup>
    <Filter Include="shaders">
      <UniqueIdentifier>{b0e15d40-d6c8-4c96-aed1-c38e110dabde}</UniqueIdentifier>
    </Filter>
    <Filter Include="utils">
      <UniqueIdentifier>{65852f58-26be-4d27-90bf-9e4a757093dd}</UniqueIdentifier>
    </Filter>
    <Filter Include="include">
      <UniqueIdentifier>{4da43dc6-00e4-4d2b-8fe9-2dfa88f9d1c9}</UniqueIdentifier>
    </Filter>
    <Filter Include="3d_objects">
      <UniqueIdentifier>{e8b1ead2-4087-46dc-8301-6b63399993ff}</UniqueIdentifier>
    </Filter>
    <Filter Include="gl_scenes">
      <UniqueIdentifier>{9ea14fbf-78c1-4fcd-963c-d8e15f8bccf5}</UniqueIdentifier>
    </Filter>
    <Filter Include="kernels">
      <UniqueIdentifier>{f7a5cccf-00bc-4efe-a177-5b9e875bab99}</UniqueIdentifier>
    </Filter>
  </ItemGroup>
  <ItemGroup>
    <None Include="shaders\triangle_shader.frag">
      <Filter>shaders</Filter>
    </None>
    <None Include="shaders\triangle_shader.vert">
      <Filter>shaders</Filter>
    </None>
    <None Include="shaders\cube_shader.frag">
      <Filter>shaders</Filter>
    </None>
    <None Include="shaders\cube_shader.vert">
      <Filter>shaders</Filter>
    </None>
    <None Include="shaders\quat_camera_shader.frag">
      <Filter>shaders</Filter>
    </None>
    <None Include="shaders\quat_camera_shader.vert">
      <Filter>shaders</Filter>
    </None>
  </ItemGroup>
  <ItemGroup>
    <ClCompile Include="cuda_gl_hello_world.cpp" />
    <ClCompile Include="gl.c" />
    <ClCompile Include="Common\utils\maths_funcs.cpp">
      <Filter>utils</Filter>
    </ClCompile>
    <ClCompile Include="Common\utils\obj_parser.cpp">
      <Filter>utils</Filter>
    </ClCompile>
    <ClCompile Include="cuda_gl_camera.cpp" />
    <ClCompile Include="cuda_gl_user_input.cpp" />
    <ClCompile Include="cuda_gl_common.cpp" />
  </ItemGroup>
  <ItemGroup>
    <ClInclude Include="gl_scenes\quat_camera_spheres.h">
      <Filter>gl_scenes</Filter>
    </ClInclude>
    <ClInclude Include="gl_scenes\simple_triangle.h">
      <Filter>gl_scenes</Filter>
    </ClInclude>
    <ClInclude Include="include\cuda_gl_camera.h">
      <Filter>include</Filter>
    </ClInclude>
    <ClInclude Include="include\cuda_gl_user_input.h">
      <Filter>include</Filter>
    </ClInclude>
    <ClInclude Include="cuda_gl_common.h">
      <Filter>include</Filter>
    </ClInclude>
  </ItemGroup>
  <ItemGroup>
    <Object Include="3d_objects\sphere.obj">
      <Filter>3d_objects</Filter>
    </Object>
  </ItemGroup>
  <ItemGroup>
    <CudaCompile Include="kernels\kernel.cu">
      <Filter>kernels</Filter>
    </CudaCompile>
  </ItemGroup>
</Project>